# THIS IS AN AUTOGENERATED FILE. DO NOT EDIT THIS FILE DIRECTLY.
# yarn lockfile v1


"@codesandbox/sandpack-client@^1.12.1":
  version "1.12.1"
  resolved "https://registry.yarnpkg.com/@codesandbox/sandpack-client/-/sandpack-client-1.12.1.tgz#fa3b66ecb08547c47e1cdf6248f5004bf5be68fb"
  integrity sha512-p79Sk41hrp5ojeHbgTU/JWNS3UcRJKewq+oRD6O6g3MzlhUnE+xO94ui79Td4aeU4fq0jGHeLHIHCW04WMK4Yg==
  dependencies:
    codesandbox-import-utils "^1.2.3"
    lodash.isequal "^4.5.0"

binaryextensions@2:
  version "2.3.0"
  resolved "https://registry.yarnpkg.com/binaryextensions/-/binaryextensions-2.3.0.tgz#1d269cbf7e6243ea886aa41453c3651ccbe13c22"
  integrity sha512-nAihlQsYGyc5Bwq6+EsubvANYGExeJKHDO3RjnvwU042fawQTQfM3Kxn7IHUXQOz4bzfwsGYYHGSvXyW4zOGLg==

codesandbox-import-util-types@^1.3.7:
  version "1.3.7"
  resolved "https://registry.yarnpkg.com/codesandbox-import-util-types/-/codesandbox-import-util-types-1.3.7.tgz#7a6097e248a75424d13b06b74368cd76bd2b3e10"
  integrity sha512-8oP3emA0jyEuVOM2FBTpo/AF4C9vxHn14saVWZf2CQ/QhMtonBlNPE98ElrHkW+PFNXiO7Ad52Qr73b03n8qlA==

codesandbox-import-utils@^1.2.3:
  version "1.3.8"
  resolved "https://registry.yarnpkg.com/codesandbox-import-utils/-/codesandbox-import-utils-1.3.8.tgz#5576786439c5f37ebd3fee5751e06027a1edef84"
  integrity sha512-S12zO49QEkldoYLGh5KbkHRLOacg5BCNTue2vlyZXSpuK3oQdArwC/G1hCLKryV460bW3Ecn5xdkpfkUcFeOwQ==
  dependencies:
    codesandbox-import-util-types "^1.3.7"
    istextorbinary "2.2.1"
    lz-string "^1.4.4"

editions@^1.3.3:
  version "1.3.4"
  resolved "https://registry.yarnpkg.com/editions/-/editions-1.3.4.tgz#3662cb592347c3168eb8e498a0ff73271d67f50b"
  integrity sha512-gzao+mxnYDzIysXKMQi/+M1mjy/rjestjg6OPoYTtI+3Izp23oiGZitsl9lPDPiTGXbcSIk1iJWhliSaglxnUg==

istextorbinary@2.2.1:
  version "2.2.1"
  resolved "https://registry.yarnpkg.com/istextorbinary/-/istextorbinary-2.2.1.tgz#a5231a08ef6dd22b268d0895084cf8d58b5bec53"
  integrity sha512-TS+hoFl8Z5FAFMK38nhBkdLt44CclNRgDHWeMgsV8ko3nDlr/9UI2Sf839sW7enijf8oKsZYXRvM8g0it9Zmcw==
  dependencies:
    binaryextensions "2"
    editions "^1.3.3"
    textextensions "2"

lodash.isequal@^4.5.0:
  version "4.5.0"
  resolved "https://registry.yarnpkg.com/lodash.isequal/-/lodash.isequal-4.5.0.tgz#415c4478f2bcc30120c22ce10ed3226f7d3e18e0"
  integrity sha512-pDo3lu8Jhfjqls6GkMgpahsF9kCyayhgykjyLMNFTKWrpVdAQtYyB4muAMWozBB4ig/dtWAmsMxLEI8wuz+DYQ==

lz-string@^1.4.4:
  version "1.4.4"
  resolved "https://registry.yarnpkg.com/lz-string/-/lz-string-1.4.4.tgz#c0d8eaf36059f705796e1e344811cf4c498d3a26"
  integrity sha512-0ckx7ZHRPqb0oUm8zNr+90mtf9DQB60H1wMCjBtfi62Kl3a7JbHob6gA2bC+xRvZoOL+1hzUK8jeuEIQE8svEQ==

textextensions@2:
  version "2.6.0"
  resolved "https://registry.yarnpkg.com/textextensions/-/textextensions-2.6.0.tgz#d7e4ab13fe54e32e08873be40d51b74229b00fc4"
  integrity sha512-49WtAWS+tcsy93dRt6P0P3AMD2m5PvXRhuEA0kaXos5ZLlujtYmpmFsB+QvWUSxE1ZsstmYXfQ7L40+EcQgpAQ==
